// !$*UTF8*$!
{
	archiveVersion = 1;
	classes = {
	};
	objectVersion = 55;
	objects = {

/* Begin PBXBuildFile section */
		042E830128005F7800E22F83 /* AppDelegate.swift in Sources */ = {isa = PBXBuildFile; fileRef = 042E830028005F7800E22F83 /* AppDelegate.swift */; };
		042E830328005F7800E22F83 /* SceneDelegate.swift in Sources */ = {isa = PBXBuildFile; fileRef = 042E830228005F7800E22F83 /* SceneDelegate.swift */; };
		042E830528005F7800E22F83 /* ViewController.swift in Sources */ = {isa = PBXBuildFile; fileRef = 042E830428005F7800E22F83 /* ViewController.swift */; };
		042E830828005F7800E22F83 /* Main.storyboard in Resources */ = {isa = PBXBuildFile; fileRef = 042E830628005F7800E22F83 /* Main.storyboard */; };
		042E830A28005F7900E22F83 /* Assets.xcassets in Resources */ = {isa = PBXBuildFile; fileRef = 042E830928005F7900E22F83 /* Assets.xcassets */; };
		042E830D28005F7900E22F83 /* LaunchScreen.storyboard in Resources */ = {isa = PBXBuildFile; fileRef = 042E830B28005F7900E22F83 /* LaunchScreen.storyboard */; };
		042E83152803575E00E22F83 /* AudioModel.swift in Sources */ = {isa = PBXBuildFile; fileRef = 042E83142803575E00E22F83 /* AudioModel.swift */; };
		4C3B5FFB33B0D8C233EC2A20 /* Pods_Music_crossfade.framework in Frameworks */ = {isa = PBXBuildFile; fileRef = 115522BA880CA9202857882B /* Pods_Music_crossfade.framework */; };
/* End PBXBuildFile section */

/* Begin PBXFileReference section */
		042E82FD28005F7800E22F83 /* Music-crossfade.app */ = {isa = PBXFileReference; explicitFileType = wrapper.application; includeInIndex = 0; path = "Music-crossfade.app"; sourceTree = BUILT_PRODUCTS_DIR; };
		042E830028005F7800E22F83 /* AppDelegate.swift */ = {isa = PBXFileReference; lastKnownFileType = sourcecode.swift; path = AppDelegate.swift; sourceTree = "<group>"; };
		042E830228005F7800E22F83 /* SceneDelegate.swift */ = {isa = PBXFileReference; lastKnownFileType = sourcecode.swift; path = SceneDelegate.swift; sourceTree = "<group>"; };
		042E830428005F7800E22F83 /* ViewController.swift */ = {isa = PBXFileReference; lastKnownFileType = sourcecode.swift; path = ViewController.swift; sourceTree = "<group>"; };
		042E830728005F7800E22F83 /* Base */ = {isa = PBXFileReference; lastKnownFileType = file.storyboard; name = Base; path = Base.lproj/Main.storyboard; sourceTree = "<group>"; };
		042E830928005F7900E22F83 /* Assets.xcassets */ = {isa = PBXFileReference; lastKnownFileType = folder.assetcatalog; path = Assets.xcassets; sourceTree = "<group>"; };
		042E830C28005F7900E22F83 /* Base */ = {isa = PBXFileReference; lastKnownFileType = file.storyboard; name = Base; path = Base.lproj/LaunchScreen.storyboard; sourceTree = "<group>"; };
		042E830E28005F7900E22F83 /* Info.plist */ = {isa = PBXFileReference; lastKnownFileType = text.plist.xml; path = Info.plist; sourceTree = "<group>"; };
		042E83142803575E00E22F83 /* AudioModel.swift */ = {isa = PBXFileReference; lastKnownFileType = sourcecode.swift; path = AudioModel.swift; sourceTree = "<group>"; };
		115522BA880CA9202857882B /* Pods_Music_crossfade.framework */ = {isa = PBXFileReference; explicitFileType = wrapper.framework; includeInIndex = 0; path = Pods_Music_crossfade.framework; sourceTree = BUILT_PRODUCTS_DIR; };
		3255CEAAC0FCBD7AAF3FC86A /* Pods-Music-crossfade.debug.xcconfig */ = {isa = PBXFileReference; includeInIndex = 1; lastKnownFileType = text.xcconfig; name = "Pods-Music-crossfade.debug.xcconfig"; path = "Target Support Files/Pods-Music-crossfade/Pods-Music-crossfade.debug.xcconfig"; sourceTree = "<group>"; };
		55B8989A1A9CE4F3B6063792 /* Pods-Music-crossfade.release.xcconfig */ = {isa = PBXFileReference; includeInIndex = 1; lastKnownFileType = text.xcconfig; name = "Pods-Music-crossfade.release.xcconfig"; path = "Target Support Files/Pods-Music-crossfade/Pods-Music-crossfade.release.xcconfig"; sourceTree = "<group>"; };
/* End PBXFileReference section */

/* Begin PBXFrameworksBuildPhase section */
		042E82FA28005F7800E22F83 /* Frameworks */ = {
			isa = PBXFrameworksBuildPhase;
			buildActionMask = 2147483647;
			files = (
				4C3B5FFB33B0D8C233EC2A20 /* Pods_Music_crossfade.framework in Frameworks */,
			);
			runOnlyForDeploymentPostprocessing = 0;
		};
/* End PBXFrameworksBuildPhase section */

/* Begin PBXGroup section */
		042E82F428005F7800E22F83 = {
			isa = PBXGroup;
			children = (
				042E82FF28005F7800E22F83 /* Music-crossfade */,
				042E82FE28005F7800E22F83 /* Products */,
				9B72F3E3FF6C76CE68EAA0E5 /* Pods */,
				71DAACB23A54B7550600719C /* Frameworks */,
			);
			sourceTree = "<group>";
		};
		042E82FE28005F7800E22F83 /* Products */ = {
			isa = PBXGroup;
			children = (
				042E82FD28005F7800E22F83 /* Music-crossfade.app */,
			);
			name = Products;
			sourceTree = "<group>";
		};
		042E82FF28005F7800E22F83 /* Music-crossfade */ = {
			isa = PBXGroup;
			children = (
				042E830028005F7800E22F83 /* AppDelegate.swift */,
				042E830228005F7800E22F83 /* SceneDelegate.swift */,
				042E830428005F7800E22F83 /* ViewController.swift */,
				042E83142803575E00E22F83 /* AudioModel.swift */,
				042E830628005F7800E22F83 /* Main.storyboard */,
				042E830928005F7900E22F83 /* Assets.xcassets */,
				042E830B28005F7900E22F83 /* LaunchScreen.storyboard */,
				042E830E28005F7900E22F83 /* Info.plist */,
			);
			path = "Music-crossfade";
			sourceTree = "<group>";
		};
		71DAACB23A54B7550600719C /* Frameworks */ = {
			isa = PBXGroup;
			children = (
				115522BA880CA9202857882B /* Pods_Music_crossfade.framework */,
			);
			name = Frameworks;
			sourceTree = "<group>";
		};
		9B72F3E3FF6C76CE68EAA0E5 /* Pods */ = {
			isa = PBXGroup;
			children = (
				3255CEAAC0FCBD7AAF3FC86A /* Pods-Music-crossfade.debug.xcconfig */,
				55B8989A1A9CE4F3B6063792 /* Pods-Music-crossfade.release.xcconfig */,
			);
			path = Pods;
			sourceTree = "<group>";
		};
/* End PBXGroup section */

/* Begin PBXNativeTarget section */
		042E82FC28005F7800E22F83 /* Music-crossfade */ = {
			isa = PBXNativeTarget;
			buildConfigurationList = 042E831128005F7900E22F83 /* Build configuration list for PBXNativeTarget "Music-crossfade" */;
			buildPhases = (
				319D09135858D9EF11060F1D /* [CP] Check Pods Manifest.lock */,
				042E82F928005F7800E22F83 /* Sources */,
				042E82FA28005F7800E22F83 /* Frameworks */,
				042E82FB28005F7800E22F83 /* Resources */,
				11B5961017206EBE0ED58557 /* [CP] Embed Pods Frameworks */,
			);
			buildRules = (
			);
			dependencies = (
			);
			name = "Music-crossfade";
			productName = "Music-crossfade";
			productReference = 042E82FD28005F7800E22F83 /* Music-crossfade.app */;
			productType = "com.apple.product-type.application";
		};
/* End PBXNativeTarget section */

/* Begin PBXProject section */
		042E82F528005F7800E22F83 /* Project object */ = {
			isa = PBXProject;
			attributes = {
				BuildIndependentTargetsInParallel = 1;
				LastSwiftUpdateCheck = 1320;
				LastUpgradeCheck = 1320;
				TargetAttributes = {
					042E82FC28005F7800E22F83 = {
						CreatedOnToolsVersion = 13.2.1;
					};
				};
			};
			buildConfigurationList = 042E82F828005F7800E22F83 /* Build configuration list for PBXProject "Music-crossfade" */;
			compatibilityVersion = "Xcode 13.0";
			developmentRegion = en;
			hasScannedForEncodings = 0;
			knownRegions = (
				en,
				Base,
			);
			mainGroup = 042E82F428005F7800E22F83;
			productRefGroup = 042E82FE28005F7800E22F83 /* Products */;
			projectDirPath = "";
			projectRoot = "";
			targets = (
				042E82FC28005F7800E22F83 /* Music-crossfade */,
			);
		};
/* End PBXProject section */

/* Begin PBXResourcesBuildPhase section */
		042E82FB28005F7800E22F83 /* Resources */ = {
			isa = PBXResourcesBuildPhase;
			buildActionMask = 2147483647;
			files = (
				042E830D28005F7900E22F83 /* LaunchScreen.storyboard in Resources */,
				042E830A28005F7900E22F83 /* Assets.xcassets in Resources */,
				042E830828005F7800E22F83 /* Main.storyboard in Resources */,
			);
			runOnlyForDeploymentPostprocessing = 0;
		};
/* End PBXResourcesBuildPhase section */

/* Begin PBXShellScriptBuildPhase section */
		11B5961017206EBE0ED58557 /* [CP] Embed Pods Frameworks */ = {
			isa = PBXShellScriptBuildPhase;
			buildActionMask = 2147483647;
			files = (
			);
			inputFileListPaths = (
				"${PODS_ROOT}/Target Support Files/Pods-Music-crossfade/Pods-Music-crossfade-frameworks-${CONFIGURATION}-input-files.xcfilelist",
			);
			name = "[CP] Embed Pods Frameworks";
			outputFileListPaths = (
				"${PODS_ROOT}/Target Support Files/Pods-Music-crossfade/Pods-Music-crossfade-frameworks-${CONFIGURATION}-output-files.xcfilelist",
			);
			runOnlyForDeploymentPostprocessing = 0;
			shellPath = /bin/sh;
			shellScript = "\"${PODS_ROOT}/Target Support Files/Pods-Music-crossfade/Pods-Music-crossfade-frameworks.sh\"\n";
			showEnvVarsInLog = 0;
		};
		319D09135858D9EF11060F1D /* [CP] Check Pods Manifest.lock */ = {
			isa = PBXShellScriptBuildPhase;
			buildActionMask = 2147483647;
			files = (
			);
			inputFileListPaths = (
			);
			inputPaths = (
				"${PODS_PODFILE_DIR_PATH}/Podfile.lock",
				"${PODS_ROOT}/Manifest.lock",
			);
			name = "[CP] Check Pods Manifest.lock";
			outputFileListPaths = (
			);
			outputPaths = (
				"$(DERIVED_FILE_DIR)/Pods-Music-crossfade-checkManifestLockResult.txt",
			);
			runOnlyForDeploymentPostprocessing = 0;
			shellPath = /bin/sh;
			shellScript = "diff \"${PODS_PODFILE_DIR_PATH}/Podfile.lock\" \"${PODS_ROOT}/Manifest.lock\" > /dev/null\nif [ $? != 0 ] ; then\n    # print error to STDERR\n    echo \"error: The sandbox is not in sync with the Podfile.lock. Run 'pod install' or update your CocoaPods installation.\" >&2\n    exit 1\nfi\n# This output is used by Xcode 'outputs' to avoid re-running this script phase.\necho \"SUCCESS\" > \"${SCRIPT_OUTPUT_FILE_0}\"\n";
			showEnvVarsInLog = 0;
		};
/* End PBXShellScriptBuildPhase section */

/* Begin PBXSourcesBuildPhase section */
		042E82F928005F7800E22F83 /* Sources */ = {
			isa = PBXSourcesBuildPhase;
			buildActionMask = 2147483647;
			files = (
				042E830528005F7800E22F83 /* ViewController.swift in Sources */,
				042E830128005F7800E22F83 /* AppDelegate.swift in Sources */,
				042E83152803575E00E22F83 /* AudioModel.swift in Sources */,
				042E830328005F7800E22F83 /* SceneDelegate.swift in Sources */,
			);
			runOnlyForDeploymentPostprocessing = 0;
		};
/* End PBXSourcesBuildPhase section */

/* Begin PBXVariantGroup section */
		042E830628005F7800E22F83 /* Main.storyboard */ = {
			isa = PBXVariantGroup;
			children = (
				042E830728005F7800E22F83 /* Base */,
			);
			name = Main.storyboard;
			sourceTree = "<group>";
		};
		042E830B28005F7900E22F83 /* LaunchScreen.storyboard */ = {
			isa = PBXVariantGroup;
			children = (
				042E830C28005F7900E22F83 /* Base */,
			);
			name = LaunchScreen.storyboard;
			sourceTree = "<group>";
		};
/* End PBXVariantGroup section */

/* Begin XCBuildConfiguration section */
		042E830F28005F7900E22F83 /* Debug */ = {
			isa = XCBuildConfiguration;
			buildSettings = {
				ALWAYS_SEARCH_USER_PATHS = NO;
				CLANG_ANALYZER_NONNULL = YES;
				CLANG_ANALYZER_NUMBER_OBJECT_CONVERSION = YES_AGGRESSIVE;
				CLANG_CXX_LANGUAGE_STANDARD = "gnu++17";
				CLANG_CXX_LIBRARY = "libc++";
				CLANG_ENABLE_MODULES = YES;
				CLANG_ENABLE_OBJC_ARC = YES;
				CLANG_ENABLE_OBJC_WEAK = YES;
				CLANG_WARN_BLOCK_CAPTURE_AUTORELEASING = YES;
				CLANG_WARN_BOOL_CONVERSION = YES;
				CLANG_WARN_COMMA = YES;
				CLANG_WARN_CONSTANT_CONVERSION = YES;
				CLANG_WARN_DEPRECATED_OBJC_IMPLEMENTATIONS = YES;
				CLANG_WARN_DIRECT_OBJC_ISA_USAGE = YES_ERROR;
				CLANG_WARN_DOCUMENTATION_COMMENTS = YES;
				CLANG_WARN_EMPTY_BODY = YES;
				CLANG_WARN_ENUM_CONVERSION = YES;
				CLANG_WARN_INFINITE_RECURSION = YES;
				CLANG_WARN_INT_CONVERSION = YES;
				CLANG_WARN_NON_LITERAL_NULL_CONVERSION = YES;
				CLANG_WARN_OBJC_IMPLICIT_RETAIN_SELF = YES;
				CLANG_WARN_OBJC_LITERAL_CONVERSION = YES;
				CLANG_WARN_OBJC_ROOT_CLASS = YES_ERROR;
				CLANG_WARN_QUOTED_INCLUDE_IN_FRAMEWORK_HEADER = YES;
				CLANG_WARN_RANGE_LOOP_ANALYSIS = YES;
				CLANG_WARN_STRICT_PROTOTYPES = YES;
				CLANG_WARN_SUSPICIOUS_MOVE = YES;
				CLANG_WARN_UNGUARDED_AVAILABILITY = YES_AGGRESSIVE;
				CLANG_WARN_UNREACHABLE_CODE = YES;
				CLANG_WARN__DUPLICATE_METHOD_MATCH = YES;
				COPY_PHASE_STRIP = NO;
				DEBUG_INFORMATION_FORMAT = dwarf;
				ENABLE_STRICT_OBJC_MSGSEND = YES;
				ENABLE_TESTABILITY = YES;
				GCC_C_LANGUAGE_STANDARD = gnu11;
				GCC_DYNAMIC_NO_PIC = NO;
				GCC_NO_COMMON_BLOCKS = YES;
				GCC_OPTIMIZATION_LEVEL = 0;
				GCC_PREPROCESSOR_DEFINITIONS = (
					"DEBUG=1",
					"$(inherited)",
				);
				GCC_WARN_64_TO_32_BIT_CONVERSION = YES;
				GCC_WARN_ABOUT_RETURN_TYPE = YES_ERROR;
				GCC_WARN_UNDECLARED_SELECTOR = YES;
				GCC_WARN_UNINITIALIZED_AUTOS = YES_AGGRESSIVE;
				GCC_WARN_UNUSED_FUNCTION = YES;
				GCC_WARN_UNUSED_VARIABLE = YES;
				IPHONEOS_DEPLOYMENT_TARGET = 15.2;
				MTL_ENABLE_DEBUG_INFO = INCLUDE_SOURCE;
				MTL_FAST_MATH = YES;
				ONLY_ACTIVE_ARCH = YES;
				SDKROOT = iphoneos;
				SWIFT_ACTIVE_COMPILATION_CONDITIONS = DEBUG;
				SWIFT_OPTIMIZATION_LEVEL = "-Onone";
			};
			name = Debug;
		};
		042E831028005F7900E22F83 /* Release */ = {
			isa = XCBuildConfiguration;
			buildSettings = {
				ALWAYS_SEARCH_USER_PATHS = NO;
				CLANG_ANALYZER_NONNULL = YES;
				CLANG_ANALYZER_NUMBER_OBJECT_CONVERSION = YES_AGGRESSIVE;
				CLANG_CXX_LANGUAGE_STANDARD = "gnu++17";
				CLANG_CXX_LIBRARY = "libc++";
				CLANG_ENABLE_MODULES = YES;
				CLANG_ENABLE_OBJC_ARC = YES;
				CLANG_ENABLE_OBJC_WEAK = YES;
				CLANG_WARN_BLOCK_CAPTURE_AUTORELEASING = YES;
				CLANG_WARN_BOOL_CONVERSION = YES;
				CLANG_WARN_COMMA = YES;
				CLANG_WARN_CONSTANT_CONVERSION = YES;
				CLANG_WARN_DEPRECATED_OBJC_IMPLEMENTATIONS = YES;
				CLANG_WARN_DIRECT_OBJC_ISA_USAGE = YES_ERROR;
				CLANG_WARN_DOCUMENTATION_COMMENTS = YES;
				CLANG_WARN_EMPTY_BODY = YES;
				CLANG_WARN_ENUM_CONVERSION = YES;
				CLANG_WARN_INFINITE_RECURSION = YES;
				CLANG_WARN_INT_CONVERSION = YES;
				CLANG_WARN_NON_LITERAL_NULL_CONVERSION = YES;
				CLANG_WARN_OBJC_IMPLICIT_RETAIN_SELF = YES;
				CLANG_WARN_OBJC_LITERAL_CONVERSION = YES;
				CLANG_WARN_OBJC_ROOT_CLASS = YES_ERROR;
				CLANG_WARN_QUOTED_INCLUDE_IN_FRAMEWORK_HEADER = YES;
				CLANG_WARN_RANGE_LOOP_ANALYSIS = YES;
				CLANG_WARN_STRICT_PROTOTYPES = YES;
				CLANG_WARN_SUSPICIOUS_MOVE = YES;
				CLANG_WARN_UNGUARDED_AVAILABILITY = YES_AGGRESSIVE;
				CLANG_WARN_UNREACHABLE_CODE = YES;
				CLANG_WARN__DUPLICATE_METHOD_MATCH = YES;
				COPY_PHASE_STRIP = NO;
				DEBUG_INFORMATION_FORMAT = "dwarf-with-dsym";
				ENABLE_NS_ASSERTIONS = NO;
				ENABLE_STRICT_OBJC_MSGSEND = YES;
				GCC_C_LANGUAGE_STANDARD = gnu11;
				GCC_NO_COMMON_BLOCKS = YES;
				GCC_WARN_64_TO_32_BIT_CONVERSION = YES;
				GCC_WARN_ABOUT_RETURN_TYPE = YES_ERROR;
				GCC_WARN_UNDECLARED_SELECTOR = YES;
				GCC_WARN_UNINITIALIZED_AUTOS = YES_AGGRESSIVE;
				GCC_WARN_UNUSED_FUNCTION = YES;
				GCC_WARN_UNUSED_VARIABLE = YES;
				IPHONEOS_DEPLOYMENT_TARGET = 15.2;
				MTL_ENABLE_DEBUG_INFO = NO;
				MTL_FAST_MATH = YES;
				SDKROOT = iphoneos;
				SWIFT_COMPILATION_MODE = wholemodule;
				SWIFT_OPTIMIZATION_LEVEL = "-O";
				VALIDATE_PRODUCT = YES;
			};
			name = Release;
		};
		042E831228005F7900E22F83 /* Debug */ = {
			isa = XCBuildConfiguration;
			baseConfigurationReference = 3255CEAAC0FCBD7AAF3FC86A /* Pods-Music-crossfade.debug.xcconfig */;
			buildSettings = {
				ASSETCATALOG_COMPILER_APPICON_NAME = AppIcon;
				ASSETCATALOG_COMPILER_GLOBAL_ACCENT_COLOR_NAME = AccentColor;
				CODE_SIGN_STYLE = Automatic;
				CURRENT_PROJECT_VERSION = 1;
				DEVELOPMENT_TEAM = 8RR9M64TNW;
				GENERATE_INFOPLIST_FILE = YES;
				INFOPLIST_FILE = "Music-crossfade/Info.plist";
				INFOPLIST_KEY_UIApplicationSupportsIndirectInputEvents = YES;
				INFOPLIST_KEY_UILaunchStoryboardName = LaunchScreen;
				INFOPLIST_KEY_UIMainStoryboardFile = Main;
				INFOPLIST_KEY_UISupportedInterfaceOrientations_iPad = "UIInterfaceOrientationPortrait UIInterfaceOrientationPortraitUpsideDown UIInterfaceOrientationLandscapeLeft UIInterfaceOrientationLandscapeRight";
				INFOPLIST_KEY_UISupportedInterfaceOrientations_iPhone = "UIInterfaceOrientationPortrait UIInterfaceOrientationLandscapeLeft UIInterfaceOrientationLandscapeRight";
				LD_RUNPATH_SEARCH_PATHS = (
					"$(inherited)",
					"@executable_path/Frameworks",
				);
				MARKETING_VERSION = 1.0;
				PRODUCT_BUNDLE_IDENTIFIER = "semjon.g.Music-crossfade";
				PRODUCT_NAME = "$(TARGET_NAME)";
				SWIFT_EMIT_LOC_STRINGS = YES;
				SWIFT_VERSION = 5.0;
				TARGETED_DEVICE_FAMILY = "1,2";
			};
			name = Debug;
		};
		042E831328005F7900E22F83 /* Release */ = {
			isa = XCBuildConfiguration;
			baseConfigurationReference = 55B8989A1A9CE4F3B6063792 /* Pods-Music-crossfade.release.xcconfig */;
			buildSettings = {
				ASSETCATALOG_COMPILER_APPICON_NAME = AppIcon;
				ASSETCATALOG_COMPILER_GLOBAL_ACCENT_COLOR_NAME = AccentColor;
				CODE_SIGN_STYLE = Automatic;
				CURRENT_PROJECT_VERSION = 1;
				DEVELOPMENT_TEAM = 8RR9M64TNW;
				GENERATE_INFOPLIST_FILE = YES;
				INFOPLIST_FILE = "Music-crossfade/Info.plist";
				INFOPLIST_KEY_UIApplicationSupportsIndirectInputEvents = YES;
				INFOPLIST_KEY_UILaunchStoryboardName = LaunchScreen;
				INFOPLIST_KEY_UIMainStoryboardFile = Main;
				INFOPLIST_KEY_UISupportedInterfaceOrientations_iPad = "UIInterfaceOrientationPortrait UIInterfaceOrientationPortraitUpsideDown UIInterfaceOrientationLandscapeLeft UIInterfaceOrientationLandscapeRight";
				INFOPLIST_KEY_UISupportedInterfaceOrientations_iPhone = "UIInterfaceOrientationPortrait UIInterfaceOrientationLandscapeLeft UIInterfaceOrientationLandscapeRight";
				LD_RUNPATH_SEARCH_PATHS = (
					"$(inherited)",
					"@executable_path/Frameworks",
				);
				MARKETING_VERSION = 1.0;
				PRODUCT_BUNDLE_IDENTIFIER = "semjon.g.Music-crossfade";
				PRODUCT_NAME = "$(TARGET_NAME)";
				SWIFT_EMIT_LOC_STRINGS = YES;
				SWIFT_VERSION = 5.0;
				TARGETED_DEVICE_FAMILY = "1,2";
			};
			name = Release;
		};
/* End XCBuildConfiguration section */

/* Begin XCConfigurationList section */
		042E82F828005F7800E22F83 /* Build configuration list for PBXProject "Music-crossfade" */ = {
			isa = XCConfigurationList;
			buildConfigurations = (
				042E830F28005F7900E22F83 /* Debug */,
				042E831028005F7900E22F83 /* Release */,
			);
			defaultConfigurationIsVisible = 0;
			defaultConfigurationName = Release;
		};
		042E831128005F7900E22F83 /* Build configuration list for PBXNativeTarget "Music-crossfade" */ = {
			isa = XCConfigurationList;
			buildConfigurations = (
				042E831228005F7900E22F83 /* Debug */,
				042E831328005F7900E22F83 /* Release */,
			);
			defaultConfigurationIsVisible = 0;
			defaultConfigurationName = Release;
		};
/* End XCConfigurationList section */
	};
	rootObject = 042E82F528005F7800E22F83 /* Project object */;
}
